
Microsoft Visual Studio Solution File, Format Version 12.00
# Visual Studio 15
VisualStudioVersion = 15.0.26730.16
MinimumVisualStudioVersion = 10.0.40219.1
Project("{8BC9CEB8-8B4A-11D0-8D11-00A0C91BC942}") = "COSC 214 Lab 12", "COSC 214 Lab 12\COSC 214 Lab 12.vcxproj", "{A466C3DC-4CCB-4024-AAE0-53AA7D30FAC5}"
EndProject
Global
	GlobalSection(SolutionConfigurationPlatforms) = preSolution
		Debug|x64 = Debug|x64
		Debug|x86 = Debug|x86
		Release|x64 = Release|x64
		Release|x86 = Release|x86
	EndGlobalSection
	GlobalSection(ProjectConfigurationPlatforms) = postSolution
		{A466C3DC-4CCB-4024-AAE0-53AA7D30FAC5}.Debug|x64.ActiveCfg = Debug|x64
		{A466C3DC-4CCB-4024-AAE0-53AA7D30FAC5}.Debug|x64.Build.0 = Debug|x64
		{A466C3DC-4CCB-4024-AAE0-53AA7D30FAC5}.Debug|x86.ActiveCfg = Debug|Win32
		{A466C3DC-4CCB-4024-AAE0-53AA7D30FAC5}.Debug|x86.Build.0 = Debug|Win32
		{A466C3DC-4CCB-4024-AAE0-53AA7D30FAC5}.Release|x64.ActiveCfg = Release|x64
		{A466C3DC-4CCB-4024-AAE0-53AA7D30FAC5}.Release|x64.Build.0 = Release|x64
		{A466C3DC-4CCB-4024-AAE0-53AA7D30FAC5}.Release|x86.ActiveCfg = Release|Win32
		{A466C3DC-4CCB-4024-AAE0-53AA7D30FAC5}.Release|x86.Build.0 = Release|Win32
	EndGlobalSection
	GlobalSection(SolutionProperties) = preSolution
		HideSolutionNode = FALSE
	EndGlobalSection
	GlobalSection(ExtensibilityGlobals) = postSolution
		SolutionGuid = {6E24310F-E450-42E5-AFB1-42D347B54AE1}
	EndGlobalSection
EndGlobal
